
Microsoft Visual Studio Solution File, Format Version 12.00
# Visual Studio Version 17
VisualStudioVersion = 17.0.32112.339
MinimumVisualStudioVersion = 10.0.40219.1
Project("{F184B08F-C81C-45F6-A57F-5ABD9991F28F}") = "Project - Auto Premium Estimator", "Project - Auto Premium Estimator\Project - Auto Premium Estimator.vbproj", "{889C567A-0988-4A37-9AE8-0EB564B9F405}"
EndProject
Global
	GlobalSection(SolutionConfigurationPlatforms) = preSolution
		Debug|Any CPU = Debug|Any CPU
		Release|Any CPU = Release|Any CPU
	EndGlobalSection
	GlobalSection(ProjectConfigurationPlatforms) = postSolution
		{889C567A-0988-4A37-9AE8-0EB564B9F405}.Debug|Any CPU.ActiveCfg = Debug|Any CPU
		{889C567A-0988-4A37-9AE8-0EB564B9F405}.Debug|Any CPU.Build.0 = Debug|Any CPU
		{889C567A-0988-4A37-9AE8-0EB564B9F405}.Release|Any CPU.ActiveCfg = Release|Any CPU
		{889C567A-0988-4A37-9AE8-0EB564B9F405}.Release|Any CPU.Build.0 = Release|Any CPU
	EndGlobalSection
	GlobalSection(SolutionProperties) = preSolution
		HideSolutionNode = FALSE
	EndGlobalSection
	GlobalSection(ExtensibilityGlobals) = postSolution
		SolutionGuid = {6D80B615-30AB-40DB-B2A4-1E0B109806AC}
	EndGlobalSection
EndGlobal
